PODS:
  - ChameleonFramework (2.1.0):
    - ChameleonFramework/Default (= 2.1.0)
  - ChameleonFramework/Default (2.1.0)
  - Charts (3.2.1):
    - Charts/Core (= 3.2.1)
  - Charts/Core (3.2.1)
  - ChartsRealm (3.2.1):
    - Charts (~> 3.2.1)
    - RealmSwift (~> 3.11.1)
  - Realm (3.11.1):
    - Realm/Headers (= 3.11.1)
  - Realm/Headers (3.11.1)
  - RealmSwift (3.11.1):
    - Realm (= 3.11.1)
  - SwipeCellKit (2.5.0)

DEPENDENCIES:
  - ChameleonFramework
  - Charts
  - ChartsRealm
  - RealmSwift
  - SwipeCellKit

SPEC REPOS:
  https://github.com/cocoapods/specs.git:
    - ChameleonFramework
    - Charts
    - ChartsRealm
    - Realm
    - RealmSwift
    - SwipeCellKit

SPEC CHECKSUMS:
  ChameleonFramework: d21a3cc247abfe5e37609a283a8238b03575cf64
  Charts: f122fb70b19847fa5817d018b77d6c5a2296ab25
  ChartsRealm: 8570ca829ee82715018e72a0935687de86e3b126
  Realm: 037c5919b9ceb59d6beed5d3b031096856b119b3
  RealmSwift: c9580133e73ef40ed340401af2dbc9a5790dfea7
  SwipeCellKit: d8f2617538ce3021cb0a11d1b93856a06a2f2e20

PODFILE CHECKSUM: 6df2ab8c0613b6c5be4a91b90b3d7b7fc203aa1c

COCOAPODS: 1.5.3
